
Microsoft Visual Studio Solution File, Format Version 12.00
# Visual Studio Version 17
VisualStudioVersion = 17.10.35013.160
MinimumVisualStudioVersion = 10.0.40219.1
Project("{FAE04EC0-301F-11D3-BF4B-00C04F79EFBC}") = "Array_Practice_31July", "ConsoleApp1\Array_Practice_31July.csproj", "{4012C376-85C6-4D63-8B4A-05CAD7FB2EA5}"
EndProject
Project("{FAE04EC0-301F-11D3-BF4B-00C04F79EFBC}") = "2D-Array-31July", "ConsoleApp2\2D-Array-31July.csproj", "{8BC52CB4-6F36-401E-A413-C62DDD74CC0B}"
EndProject
Project("{9A19103F-16F7-4668-BE54-9A1E7A4F7556}") = "Array_List_Practice", "Array_List_Practice\Array_List_Practice.csproj", "{2E618CF4-4F82-4024-B8EE-8C7098A414D9}"
EndProject
Project("{9A19103F-16F7-4668-BE54-9A1E7A4F7556}") = "Hashtable_Practice", "Hashtable_Practice\Hashtable_Practice.csproj", "{25C1A3BF-7346-4FD3-9F18-484098B1A700}"
EndProject
Project("{9A19103F-16F7-4668-BE54-9A1E7A4F7556}") = "Stack_Practice", "Stack_Practice\Stack_Practice.csproj", "{5369FBCE-FB5A-49B6-9B49-ECF6101F5041}"
EndProject
Project("{9A19103F-16F7-4668-BE54-9A1E7A4F7556}") = "Queue_Practice", "Queue_Practice\Queue_Practice.csproj", "{14810C3F-FBA5-4AD1-840C-15BBA1558238}"
EndProject
Project("{9A19103F-16F7-4668-BE54-9A1E7A4F7556}") = "SortedList_NonGen", "SortedList_NonGen\SortedList_NonGen.csproj", "{2C079CE0-33C5-4782-9D22-5BD522FF2182}"
EndProject
Project("{FAE04EC0-301F-11D3-BF4B-00C04F79EFBC}") = "GenericCollection", "GenericCollection\GenericCollection.csproj", "{A2A19590-49E8-4E03-A53A-865B9DF91599}"
EndProject
Project("{FAE04EC0-301F-11D3-BF4B-00C04F79EFBC}") = "Generic_List", "Generic_List\Generic_List.csproj", "{737ACDCE-AFA2-451B-B32B-BA395199022A}"
EndProject
Global
	GlobalSection(SolutionConfigurationPlatforms) = preSolution
		Debug|Any CPU = Debug|Any CPU
		Release|Any CPU = Release|Any CPU
	EndGlobalSection
	GlobalSection(ProjectConfigurationPlatforms) = postSolution
		{4012C376-85C6-4D63-8B4A-05CAD7FB2EA5}.Debug|Any CPU.ActiveCfg = Debug|Any CPU
		{4012C376-85C6-4D63-8B4A-05CAD7FB2EA5}.Debug|Any CPU.Build.0 = Debug|Any CPU
		{4012C376-85C6-4D63-8B4A-05CAD7FB2EA5}.Release|Any CPU.ActiveCfg = Release|Any CPU
		{4012C376-85C6-4D63-8B4A-05CAD7FB2EA5}.Release|Any CPU.Build.0 = Release|Any CPU
		{8BC52CB4-6F36-401E-A413-C62DDD74CC0B}.Debug|Any CPU.ActiveCfg = Debug|Any CPU
		{8BC52CB4-6F36-401E-A413-C62DDD74CC0B}.Debug|Any CPU.Build.0 = Debug|Any CPU
		{8BC52CB4-6F36-401E-A413-C62DDD74CC0B}.Release|Any CPU.ActiveCfg = Release|Any CPU
		{8BC52CB4-6F36-401E-A413-C62DDD74CC0B}.Release|Any CPU.Build.0 = Release|Any CPU
		{2E618CF4-4F82-4024-B8EE-8C7098A414D9}.Debug|Any CPU.ActiveCfg = Debug|Any CPU
		{2E618CF4-4F82-4024-B8EE-8C7098A414D9}.Debug|Any CPU.Build.0 = Debug|Any CPU
		{2E618CF4-4F82-4024-B8EE-8C7098A414D9}.Release|Any CPU.ActiveCfg = Release|Any CPU
		{2E618CF4-4F82-4024-B8EE-8C7098A414D9}.Release|Any CPU.Build.0 = Release|Any CPU
		{25C1A3BF-7346-4FD3-9F18-484098B1A700}.Debug|Any CPU.ActiveCfg = Debug|Any CPU
		{25C1A3BF-7346-4FD3-9F18-484098B1A700}.Debug|Any CPU.Build.0 = Debug|Any CPU
		{25C1A3BF-7346-4FD3-9F18-484098B1A700}.Release|Any CPU.ActiveCfg = Release|Any CPU
		{25C1A3BF-7346-4FD3-9F18-484098B1A700}.Release|Any CPU.Build.0 = Release|Any CPU
		{5369FBCE-FB5A-49B6-9B49-ECF6101F5041}.Debug|Any CPU.ActiveCfg = Debug|Any CPU
		{5369FBCE-FB5A-49B6-9B49-ECF6101F5041}.Debug|Any CPU.Build.0 = Debug|Any CPU
		{5369FBCE-FB5A-49B6-9B49-ECF6101F5041}.Release|Any CPU.ActiveCfg = Release|Any CPU
		{5369FBCE-FB5A-49B6-9B49-ECF6101F5041}.Release|Any CPU.Build.0 = Release|Any CPU
		{14810C3F-FBA5-4AD1-840C-15BBA1558238}.Debug|Any CPU.ActiveCfg = Debug|Any CPU
		{14810C3F-FBA5-4AD1-840C-15BBA1558238}.Debug|Any CPU.Build.0 = Debug|Any CPU
		{14810C3F-FBA5-4AD1-840C-15BBA1558238}.Release|Any CPU.ActiveCfg = Release|Any CPU
		{14810C3F-FBA5-4AD1-840C-15BBA1558238}.Release|Any CPU.Build.0 = Release|Any CPU
		{2C079CE0-33C5-4782-9D22-5BD522FF2182}.Debug|Any CPU.ActiveCfg = Debug|Any CPU
		{2C079CE0-33C5-4782-9D22-5BD522FF2182}.Debug|Any CPU.Build.0 = Debug|Any CPU
		{2C079CE0-33C5-4782-9D22-5BD522FF2182}.Release|Any CPU.ActiveCfg = Release|Any CPU
		{2C079CE0-33C5-4782-9D22-5BD522FF2182}.Release|Any CPU.Build.0 = Release|Any CPU
		{A2A19590-49E8-4E03-A53A-865B9DF91599}.Debug|Any CPU.ActiveCfg = Debug|Any CPU
		{A2A19590-49E8-4E03-A53A-865B9DF91599}.Debug|Any CPU.Build.0 = Debug|Any CPU
		{A2A19590-49E8-4E03-A53A-865B9DF91599}.Release|Any CPU.ActiveCfg = Release|Any CPU
		{A2A19590-49E8-4E03-A53A-865B9DF91599}.Release|Any CPU.Build.0 = Release|Any CPU
		{737ACDCE-AFA2-451B-B32B-BA395199022A}.Debug|Any CPU.ActiveCfg = Debug|Any CPU
		{737ACDCE-AFA2-451B-B32B-BA395199022A}.Debug|Any CPU.Build.0 = Debug|Any CPU
		{737ACDCE-AFA2-451B-B32B-BA395199022A}.Release|Any CPU.ActiveCfg = Release|Any CPU
		{737ACDCE-AFA2-451B-B32B-BA395199022A}.Release|Any CPU.Build.0 = Release|Any CPU
	EndGlobalSection
	GlobalSection(SolutionProperties) = preSolution
		HideSolutionNode = FALSE
	EndGlobalSection
	GlobalSection(ExtensibilityGlobals) = postSolution
		SolutionGuid = {72A903A2-0763-4A11-9BA5-A4C9EE8E5A30}
	EndGlobalSection
EndGlobal
